// !$*UTF8*$!
{
	archiveVersion = 1;
	classes = {
	};
	objectVersion = 50;
	objects = {

/* Begin PBXBuildFile section */
		181AFED72286DA4500E7C0FE /* AppDelegate.swift in Sources */ = {isa = PBXBuildFile; fileRef = 181AFED62286DA4500E7C0FE /* AppDelegate.swift */; };
		181AFED92286DA4500E7C0FE /* ViewController.swift in Sources */ = {isa = PBXBuildFile; fileRef = 181AFED82286DA4500E7C0FE /* ViewController.swift */; };
		181AFEDC2286DA4600E7C0FE /* Main.storyboard in Resources */ = {isa = PBXBuildFile; fileRef = 181AFEDA2286DA4600E7C0FE /* Main.storyboard */; };
		181AFEDE2286DA4600E7C0FE /* Assets.xcassets in Resources */ = {isa = PBXBuildFile; fileRef = 181AFEDD2286DA4600E7C0FE /* Assets.xcassets */; };
		181AFEE12286DA4600E7C0FE /* LaunchScreen.storyboard in Resources */ = {isa = PBXBuildFile; fileRef = 181AFEDF2286DA4600E7C0FE /* LaunchScreen.storyboard */; };
/* End PBXBuildFile section */

/* Begin PBXFileReference section */
		181AFED32286DA4500E7C0FE /* ARKit-Class5-PersistRealWorldMapData.app */ = {isa = PBXFileReference; explicitFileType = wrapper.application; includeInIndex = 0; path = "ARKit-Class5-PersistRealWorldMapData.app"; sourceTree = BUILT_PRODUCTS_DIR; };
		181AFED62286DA4500E7C0FE /* AppDelegate.swift */ = {isa = PBXFileReference; lastKnownFileType = sourcecode.swift; path = AppDelegate.swift; sourceTree = "<group>"; };
		181AFED82286DA4500E7C0FE /* ViewController.swift */ = {isa = PBXFileReference; lastKnownFileType = sourcecode.swift; path = ViewController.swift; sourceTree = "<group>"; };
		181AFEDB2286DA4600E7C0FE /* Base */ = {isa = PBXFileReference; lastKnownFileType = file.storyboard; name = Base; path = Base.lproj/Main.storyboard; sourceTree = "<group>"; };
		181AFEDD2286DA4600E7C0FE /* Assets.xcassets */ = {isa = PBXFileReference; lastKnownFileType = folder.assetcatalog; path = Assets.xcassets; sourceTree = "<group>"; };
		181AFEE02286DA4600E7C0FE /* Base */ = {isa = PBXFileReference; lastKnownFileType = file.storyboard; name = Base; path = Base.lproj/LaunchScreen.storyboard; sourceTree = "<group>"; };
		181AFEE22286DA4600E7C0FE /* Info.plist */ = {isa = PBXFileReference; lastKnownFileType = text.plist.xml; path = Info.plist; sourceTree = "<group>"; };
/* End PBXFileReference section */

/* Begin PBXFrameworksBuildPhase section */
		181AFED02286DA4500E7C0FE /* Frameworks */ = {
			isa = PBXFrameworksBuildPhase;
			buildActionMask = 2147483647;
			files = (
			);
			runOnlyForDeploymentPostprocessing = 0;
		};
/* End PBXFrameworksBuildPhase section */

/* Begin PBXGroup section */
		181AFECA2286DA4500E7C0FE = {
			isa = PBXGroup;
			children = (
				181AFED52286DA4500E7C0FE /* ARKit-Class5-PersistRealWorldMapData */,
				181AFED42286DA4500E7C0FE /* Products */,
			);
			sourceTree = "<group>";
		};
		181AFED42286DA4500E7C0FE /* Products */ = {
			isa = PBXGroup;
			children = (
				181AFED32286DA4500E7C0FE /* ARKit-Class5-PersistRealWorldMapData.app */,
			);
			name = Products;
			sourceTree = "<group>";
		};
		181AFED52286DA4500E7C0FE /* ARKit-Class5-PersistRealWorldMapData */ = {
			isa = PBXGroup;
			children = (
				181AFED62286DA4500E7C0FE /* AppDelegate.swift */,
				181AFED82286DA4500E7C0FE /* ViewController.swift */,
				181AFEDA2286DA4600E7C0FE /* Main.storyboard */,
				181AFEDD2286DA4600E7C0FE /* Assets.xcassets */,
				181AFEDF2286DA4600E7C0FE /* LaunchScreen.storyboard */,
				181AFEE22286DA4600E7C0FE /* Info.plist */,
			);
			path = "ARKit-Class5-PersistRealWorldMapData";
			sourceTree = "<group>";
		};
/* End PBXGroup section */

/* Begin PBXNativeTarget section */
		181AFED22286DA4500E7C0FE /* ARKit-Class5-PersistRealWorldMapData */ = {
			isa = PBXNativeTarget;
			buildConfigurationList = 181AFEE52286DA4600E7C0FE /* Build configuration list for PBXNativeTarget "ARKit-Class5-PersistRealWorldMapData" */;
			buildPhases = (
				181AFECF2286DA4500E7C0FE /* Sources */,
				181AFED02286DA4500E7C0FE /* Frameworks */,
				181AFED12286DA4500E7C0FE /* Resources */,
			);
			buildRules = (
			);
			dependencies = (
			);
			name = "ARKit-Class5-PersistRealWorldMapData";
			productName = "ARKit-Class5-PersistRealWorldMapData";
			productReference = 181AFED32286DA4500E7C0FE /* ARKit-Class5-PersistRealWorldMapData.app */;
			productType = "com.apple.product-type.application";
		};
/* End PBXNativeTarget section */

/* Begin PBXProject section */
		181AFECB2286DA4500E7C0FE /* Project object */ = {
			isa = PBXProject;
			attributes = {
				LastSwiftUpdateCheck = 1020;
				LastUpgradeCheck = 1020;
				ORGANIZATIONNAME = appsmall;
				TargetAttributes = {
					181AFED22286DA4500E7C0FE = {
						CreatedOnToolsVersion = 10.2;
					};
				};
			};
			buildConfigurationList = 181AFECE2286DA4500E7C0FE /* Build configuration list for PBXProject "ARKit-Class5-PersistRealWorldMapData" */;
			compatibilityVersion = "Xcode 9.3";
			developmentRegion = en;
			hasScannedForEncodings = 0;
			knownRegions = (
				en,
				Base,
			);
			mainGroup = 181AFECA2286DA4500E7C0FE;
			productRefGroup = 181AFED42286DA4500E7C0FE /* Products */;
			projectDirPath = "";
			projectRoot = "";
			targets = (
				181AFED22286DA4500E7C0FE /* ARKit-Class5-PersistRealWorldMapData */,
			);
		};
/* End PBXProject section */

/* Begin PBXResourcesBuildPhase section */
		181AFED12286DA4500E7C0FE /* Resources */ = {
			isa = PBXResourcesBuildPhase;
			buildActionMask = 2147483647;
			files = (
				181AFEE12286DA4600E7C0FE /* LaunchScreen.storyboard in Resources */,
				181AFEDE2286DA4600E7C0FE /* Assets.xcassets in Resources */,
				181AFEDC2286DA4600E7C0FE /* Main.storyboard in Resources */,
			);
			runOnlyForDeploymentPostprocessing = 0;
		};
/* End PBXResourcesBuildPhase section */

/* Begin PBXSourcesBuildPhase section */
		181AFECF2286DA4500E7C0FE /* Sources */ = {
			isa = PBXSourcesBuildPhase;
			buildActionMask = 2147483647;
			files = (
				181AFED92286DA4500E7C0FE /* ViewController.swift in Sources */,
				181AFED72286DA4500E7C0FE /* AppDelegate.swift in Sources */,
			);
			runOnlyForDeploymentPostprocessing = 0;
		};
/* End PBXSourcesBuildPhase section */

/* Begin PBXVariantGroup section */
		181AFEDA2286DA4600E7C0FE /* Main.storyboard */ = {
			isa = PBXVariantGroup;
			children = (
				181AFEDB2286DA4600E7C0FE /* Base */,
			);
			name = Main.storyboard;
			sourceTree = "<group>";
		};
		181AFEDF2286DA4600E7C0FE /* LaunchScreen.storyboard */ = {
			isa = PBXVariantGroup;
			children = (
				181AFEE02286DA4600E7C0FE /* Base */,
			);
			name = LaunchScreen.storyboard;
			sourceTree = "<group>";
		};
/* End PBXVariantGroup section */

/* Begin XCBuildConfiguration section */
		181AFEE32286DA4600E7C0FE /* Debug */ = {
			isa = XCBuildConfiguration;
			buildSettings = {
				ALWAYS_SEARCH_USER_PATHS = NO;
				CLANG_ANALYZER_NONNULL = YES;
				CLANG_ANALYZER_NUMBER_OBJECT_CONVERSION = YES_AGGRESSIVE;
				CLANG_CXX_LANGUAGE_STANDARD = "gnu++14";
				CLANG_CXX_LIBRARY = "libc++";
				CLANG_ENABLE_MODULES = YES;
				CLANG_ENABLE_OBJC_ARC = YES;
				CLANG_ENABLE_OBJC_WEAK = YES;
				CLANG_WARN_BLOCK_CAPTURE_AUTORELEASING = YES;
				CLANG_WARN_BOOL_CONVERSION = YES;
				CLANG_WARN_COMMA = YES;
				CLANG_WARN_CONSTANT_CONVERSION = YES;
				CLANG_WARN_DEPRECATED_OBJC_IMPLEMENTATIONS = YES;
				CLANG_WARN_DIRECT_OBJC_ISA_USAGE = YES_ERROR;
				CLANG_WARN_DOCUMENTATION_COMMENTS = YES;
				CLANG_WARN_EMPTY_BODY = YES;
				CLANG_WARN_ENUM_CONVERSION = YES;
				CLANG_WARN_INFINITE_RECURSION = YES;
				CLANG_WARN_INT_CONVERSION = YES;
				CLANG_WARN_NON_LITERAL_NULL_CONVERSION = YES;
				CLANG_WARN_OBJC_IMPLICIT_RETAIN_SELF = YES;
				CLANG_WARN_OBJC_LITERAL_CONVERSION = YES;
				CLANG_WARN_OBJC_ROOT_CLASS = YES_ERROR;
				CLANG_WARN_RANGE_LOOP_ANALYSIS = YES;
				CLANG_WARN_STRICT_PROTOTYPES = YES;
				CLANG_WARN_SUSPICIOUS_MOVE = YES;
				CLANG_WARN_UNGUARDED_AVAILABILITY = YES_AGGRESSIVE;
				CLANG_WARN_UNREACHABLE_CODE = YES;
				CLANG_WARN__DUPLICATE_METHOD_MATCH = YES;
				CODE_SIGN_IDENTITY = "iPhone Developer";
				COPY_PHASE_STRIP = NO;
				DEBUG_INFORMATION_FORMAT = dwarf;
				ENABLE_STRICT_OBJC_MSGSEND = YES;
				ENABLE_TESTABILITY = YES;
				GCC_C_LANGUAGE_STANDARD = gnu11;
				GCC_DYNAMIC_NO_PIC = NO;
				GCC_NO_COMMON_BLOCKS = YES;
				GCC_OPTIMIZATION_LEVEL = 0;
				GCC_PREPROCESSOR_DEFINITIONS = (
					"DEBUG=1",
					"$(inherited)",
				);
				GCC_WARN_64_TO_32_BIT_CONVERSION = YES;
				GCC_WARN_ABOUT_RETURN_TYPE = YES_ERROR;
				GCC_WARN_UNDECLARED_SELECTOR = YES;
				GCC_WARN_UNINITIALIZED_AUTOS = YES_AGGRESSIVE;
				GCC_WARN_UNUSED_FUNCTION = YES;
				GCC_WARN_UNUSED_VARIABLE = YES;
				IPHONEOS_DEPLOYMENT_TARGET = 12.2;
				MTL_ENABLE_DEBUG_INFO = INCLUDE_SOURCE;
				MTL_FAST_MATH = YES;
				ONLY_ACTIVE_ARCH = YES;
				SDKROOT = iphoneos;
				SWIFT_ACTIVE_COMPILATION_CONDITIONS = DEBUG;
				SWIFT_OPTIMIZATION_LEVEL = "-Onone";
			};
			name = Debug;
		};
		181AFEE42286DA4600E7C0FE /* Release */ = {
			isa = XCBuildConfiguration;
			buildSettings = {
				ALWAYS_SEARCH_USER_PATHS = NO;
				CLANG_ANALYZER_NONNULL = YES;
				CLANG_ANALYZER_NUMBER_OBJECT_CONVERSION = YES_AGGRESSIVE;
				CLANG_CXX_LANGUAGE_STANDARD = "gnu++14";
				CLANG_CXX_LIBRARY = "libc++";
				CLANG_ENABLE_MODULES = YES;
				CLANG_ENABLE_OBJC_ARC = YES;
				CLANG_ENABLE_OBJC_WEAK = YES;
				CLANG_WARN_BLOCK_CAPTURE_AUTORELEASING = YES;
				CLANG_WARN_BOOL_CONVERSION = YES;
				CLANG_WARN_COMMA = YES;
				CLANG_WARN_CONSTANT_CONVERSION = YES;
				CLANG_WARN_DEPRECATED_OBJC_IMPLEMENTATIONS = YES;
				CLANG_WARN_DIRECT_OBJC_ISA_USAGE = YES_ERROR;
				CLANG_WARN_DOCUMENTATION_COMMENTS = YES;
				CLANG_WARN_EMPTY_BODY = YES;
				CLANG_WARN_ENUM_CONVERSION = YES;
				CLANG_WARN_INFINITE_RECURSION = YES;
				CLANG_WARN_INT_CONVERSION = YES;
				CLANG_WARN_NON_LITERAL_NULL_CONVERSION = YES;
				CLANG_WARN_OBJC_IMPLICIT_RETAIN_SELF = YES;
				CLANG_WARN_OBJC_LITERAL_CONVERSION = YES;
				CLANG_WARN_OBJC_ROOT_CLASS = YES_ERROR;
				CLANG_WARN_RANGE_LOOP_ANALYSIS = YES;
				CLANG_WARN_STRICT_PROTOTYPES = YES;
				CLANG_WARN_SUSPICIOUS_MOVE = YES;
				CLANG_WARN_UNGUARDED_AVAILABILITY = YES_AGGRESSIVE;
				CLANG_WARN_UNREACHABLE_CODE = YES;
				CLANG_WARN__DUPLICATE_METHOD_MATCH = YES;
				CODE_SIGN_IDENTITY = "iPhone Developer";
				COPY_PHASE_STRIP = NO;
				DEBUG_INFORMATION_FORMAT = "dwarf-with-dsym";
				ENABLE_NS_ASSERTIONS = NO;
				ENABLE_STRICT_OBJC_MSGSEND = YES;
				GCC_C_LANGUAGE_STANDARD = gnu11;
				GCC_NO_COMMON_BLOCKS = YES;
				GCC_WARN_64_TO_32_BIT_CONVERSION = YES;
				GCC_WARN_ABOUT_RETURN_TYPE = YES_ERROR;
				GCC_WARN_UNDECLARED_SELECTOR = YES;
				GCC_WARN_UNINITIALIZED_AUTOS = YES_AGGRESSIVE;
				GCC_WARN_UNUSED_FUNCTION = YES;
				GCC_WARN_UNUSED_VARIABLE = YES;
				IPHONEOS_DEPLOYMENT_TARGET = 12.2;
				MTL_ENABLE_DEBUG_INFO = NO;
				MTL_FAST_MATH = YES;
				SDKROOT = iphoneos;
				SWIFT_COMPILATION_MODE = wholemodule;
				SWIFT_OPTIMIZATION_LEVEL = "-O";
				VALIDATE_PRODUCT = YES;
			};
			name = Release;
		};
		181AFEE62286DA4600E7C0FE /* Debug */ = {
			isa = XCBuildConfiguration;
			buildSettings = {
				ASSETCATALOG_COMPILER_APPICON_NAME = AppIcon;
				CODE_SIGN_STYLE = Automatic;
				DEVELOPMENT_TEAM = E33ED4848M;
				INFOPLIST_FILE = "ARKit-Class5-PersistRealWorldMapData/Info.plist";
				IPHONEOS_DEPLOYMENT_TARGET = 12.0;
				LD_RUNPATH_SEARCH_PATHS = (
					"$(inherited)",
					"@executable_path/Frameworks",
				);
				PRODUCT_BUNDLE_IDENTIFIER = "com.appsmall.ARKit-Class5-PersistRealWorldMapData";
				PRODUCT_NAME = "$(TARGET_NAME)";
				SWIFT_VERSION = 5.0;
				TARGETED_DEVICE_FAMILY = "1,2";
			};
			name = Debug;
		};
		181AFEE72286DA4600E7C0FE /* Release */ = {
			isa = XCBuildConfiguration;
			buildSettings = {
				ASSETCATALOG_COMPILER_APPICON_NAME = AppIcon;
				CODE_SIGN_STYLE = Automatic;
				DEVELOPMENT_TEAM = E33ED4848M;
				INFOPLIST_FILE = "ARKit-Class5-PersistRealWorldMapData/Info.plist";
				IPHONEOS_DEPLOYMENT_TARGET = 12.0;
				LD_RUNPATH_SEARCH_PATHS = (
					"$(inherited)",
					"@executable_path/Frameworks",
				);
				PRODUCT_BUNDLE_IDENTIFIER = "com.appsmall.ARKit-Class5-PersistRealWorldMapData";
				PRODUCT_NAME = "$(TARGET_NAME)";
				SWIFT_VERSION = 5.0;
				TARGETED_DEVICE_FAMILY = "1,2";
			};
			name = Release;
		};
/* End XCBuildConfiguration section */

/* Begin XCConfigurationList section */
		181AFECE2286DA4500E7C0FE /* Build configuration list for PBXProject "ARKit-Class5-PersistRealWorldMapData" */ = {
			isa = XCConfigurationList;
			buildConfigurations = (
				181AFEE32286DA4600E7C0FE /* Debug */,
				181AFEE42286DA4600E7C0FE /* Release */,
			);
			defaultConfigurationIsVisible = 0;
			defaultConfigurationName = Release;
		};
		181AFEE52286DA4600E7C0FE /* Build configuration list for PBXNativeTarget "ARKit-Class5-PersistRealWorldMapData" */ = {
			isa = XCConfigurationList;
			buildConfigurations = (
				181AFEE62286DA4600E7C0FE /* Debug */,
				181AFEE72286DA4600E7C0FE /* Release */,
			);
			defaultConfigurationIsVisible = 0;
			defaultConfigurationName = Release;
		};
/* End XCConfigurationList section */
	};
	rootObject = 181AFECB2286DA4500E7C0FE /* Project object */;
}
